Microsoft Visual Studio Solution File, Format Version 12.00
# Visual Studio Version 17
VisualStudioVersion = 17.5.2.0
MinimumVisualStudioVersion = 10.0.40219.1
Project("{FAE04EC0-301F-11D3-BF4B-00C04F79EFBC}") = "RiskAnalyzer", "RiskAnalyzer.csproj", "{FDBE8C0F-01AA-7809-F330-8852AE39406B}"
EndProject
Global
	GlobalSection(SolutionConfigurationPlatforms) = preSolution
		Debug|Any CPU = Debug|Any CPU
		Release|Any CPU = Release|Any CPU
	EndGlobalSection
	GlobalSection(ProjectConfigurationPlatforms) = postSolution
		{FDBE8C0F-01AA-7809-F330-8852AE39406B}.Debug|Any CPU.ActiveCfg = Debug|Any CPU
		{FDBE8C0F-01AA-7809-F330-8852AE39406B}.Debug|Any CPU.Build.0 = Debug|Any CPU
		{FDBE8C0F-01AA-7809-F330-8852AE39406B}.Release|Any CPU.ActiveCfg = Release|Any CPU
		{FDBE8C0F-01AA-7809-F330-8852AE39406B}.Release|Any CPU.Build.0 = Release|Any CPU
	EndGlobalSection
	GlobalSection(SolutionProperties) = preSolution
		HideSolutionNode = FALSE
	EndGlobalSection
	GlobalSection(ExtensibilityGlobals) = postSolution
		SolutionGuid = {29137DC4-FC24-4094-A1DE-9EA891BE6BD0}
	EndGlobalSection
EndGlobal
